github.com/apkraft/bgo_homework_1_3 v0.0.0-20201222104356-d2cbed51c4f5/go.mod h1:fuFg+t9lplXJCTOpnTcAwhmD3TRA99DKsk7TD+vzU0k=
github.com/apkraft/bgo_homework_1_4 v0.0.0-20210115110651-c949cb278614/go.mod h1:H97Ajj6xVX16QM1mVNvk07w0B3Did2GxW9H/dRCXn4Y=
github.com/apkraft/bgo_homework_2_1 v0.0.0-20210511084949-765182978a8d h1:Jn1iK54LhrzGKuJszwlJ1RGvuADhg9jhgXWn1jI7Qxo=
github.com/apkraft/bgo_homework_2_1 v0.0.0-20210511084949-765182978a8d/go.mod h1:F3LNano/C/+1NXP3NGqhd16UI+FIy40wO+df5Q3cYTU=
